// !$*UTF8*$!
{
	archiveVersion = 1;
	classes = {
	};
	objectVersion = 50;
	objects = {

/* Begin PBXBuildFile section */
		4A9B49E47CC2C332D1934398 /* Pods_Telemed.framework in Frameworks */ = {isa = PBXBuildFile; fileRef = D74084ECC594BA5966EFE10B /* Pods_Telemed.framework */; };
		FA0E47EF21D55CF7003C23C9 /* Trackers.swift in Sources */ = {isa = PBXBuildFile; fileRef = FA0E47EE21D55CF7003C23C9 /* Trackers.swift */; };
		FA0E47F921D738E6003C23C9 /* UpdatedData.swift in Sources */ = {isa = PBXBuildFile; fileRef = FA0E47F821D738E6003C23C9 /* UpdatedData.swift */; };
		FA0E47FB21D73FA5003C23C9 /* SyncData.swift in Sources */ = {isa = PBXBuildFile; fileRef = FA0E47FA21D73FA5003C23C9 /* SyncData.swift */; };
		FA3AC73C21DAA39B00D7AEF4 /* AllItems.swift in Sources */ = {isa = PBXBuildFile; fileRef = FA3AC73B21DAA39B00D7AEF4 /* AllItems.swift */; };
		FA490EFE21DE76C900C60C60 /* RootViewController.swift in Sources */ = {isa = PBXBuildFile; fileRef = FA490EFD21DE76C900C60C60 /* RootViewController.swift */; };
		FA490F0021DEA74B00C60C60 /* FAQViewController.swift in Sources */ = {isa = PBXBuildFile; fileRef = FA490EFF21DEA74B00C60C60 /* FAQViewController.swift */; };
		FA490F0221DEB26C00C60C60 /* SettingsViewController.swift in Sources */ = {isa = PBXBuildFile; fileRef = FA490F0121DEB26C00C60C60 /* SettingsViewController.swift */; };
		FA4D0DD821D2FD70003D1331 /* TrackerViewController.swift in Sources */ = {isa = PBXBuildFile; fileRef = FA4D0DD721D2FD70003D1331 /* TrackerViewController.swift */; };
		FA4D0DDB21D314A0003D1331 /* TrackerCollectionViewCell.swift in Sources */ = {isa = PBXBuildFile; fileRef = FA4D0DD921D314A0003D1331 /* TrackerCollectionViewCell.swift */; };
		FA4D0DDC21D314A0003D1331 /* TrackerCollectionViewCell.xib in Resources */ = {isa = PBXBuildFile; fileRef = FA4D0DDA21D314A0003D1331 /* TrackerCollectionViewCell.xib */; };
		FA4D0DDE21D36C2B003D1331 /* TrackerInfoViewController.swift in Sources */ = {isa = PBXBuildFile; fileRef = FA4D0DDD21D36C2B003D1331 /* TrackerInfoViewController.swift */; };
		FA4D0E1321D40AF3003D1331 /* ContactTableViewCell.swift in Sources */ = {isa = PBXBuildFile; fileRef = FA4D0E1121D40AF3003D1331 /* ContactTableViewCell.swift */; };
		FA4D0E1421D40AF3003D1331 /* ContactTableViewCell.xib in Resources */ = {isa = PBXBuildFile; fileRef = FA4D0E1221D40AF3003D1331 /* ContactTableViewCell.xib */; };
		FA4D0E1621D41278003D1331 /* ConnectViewController.swift in Sources */ = {isa = PBXBuildFile; fileRef = FA4D0E1521D41278003D1331 /* ConnectViewController.swift */; };
		FA4D0E1821D413C6003D1331 /* ContactData.swift in Sources */ = {isa = PBXBuildFile; fileRef = FA4D0E1721D413C6003D1331 /* ContactData.swift */; };
		FA4D8A5921CF3ECD00FFA9D4 /* LocalAuthentication.framework in Frameworks */ = {isa = PBXBuildFile; fileRef = FA4D8A5821CF3ECD00FFA9D4 /* LocalAuthentication.framework */; };
		FA59220921DAA190009F74AD /* AllViewController.swift in Sources */ = {isa = PBXBuildFile; fileRef = FA59220821DAA190009F74AD /* AllViewController.swift */; };
		FA59220B21DAA2F1009F74AD /* AllCategories.swift in Sources */ = {isa = PBXBuildFile; fileRef = FA59220A21DAA2F1009F74AD /* AllCategories.swift */; };
		FA6981B521D8D417000BBF9A /* HistoryTableViewCell.swift in Sources */ = {isa = PBXBuildFile; fileRef = FA6981B321D8D417000BBF9A /* HistoryTableViewCell.swift */; };
		FA6981B621D8D417000BBF9A /* HistoryTableViewCell.xib in Resources */ = {isa = PBXBuildFile; fileRef = FA6981B421D8D417000BBF9A /* HistoryTableViewCell.xib */; };
		FA6981B821D8D699000BBF9A /* ExaminationHistoryViewController.swift in Sources */ = {isa = PBXBuildFile; fileRef = FA6981B721D8D699000BBF9A /* ExaminationHistoryViewController.swift */; };
		FA76ABDF21D14ED1001E1689 /* AppointmentTableViewCell.swift in Sources */ = {isa = PBXBuildFile; fileRef = FA76ABDD21D14ED1001E1689 /* AppointmentTableViewCell.swift */; };
		FA76ABE021D14ED1001E1689 /* AppointmentTableViewCell.xib in Resources */ = {isa = PBXBuildFile; fileRef = FA76ABDE21D14ED1001E1689 /* AppointmentTableViewCell.xib */; };
		FA76ABE221D15144001E1689 /* HomePageViewController.swift in Sources */ = {isa = PBXBuildFile; fileRef = FA76ABE121D15144001E1689 /* HomePageViewController.swift */; };
		FA76ABE621D18751001E1689 /* ProfileViewController.swift in Sources */ = {isa = PBXBuildFile; fileRef = FA76ABE521D18751001E1689 /* ProfileViewController.swift */; };
		FA77E78221D55823004AD84A /* Items.swift in Sources */ = {isa = PBXBuildFile; fileRef = FA77E78121D55823004AD84A /* Items.swift */; };
		FA88282A21CD75B400513343 /* AppDelegate.swift in Sources */ = {isa = PBXBuildFile; fileRef = FA88282921CD75B400513343 /* AppDelegate.swift */; };
		FA88282F21CD75B400513343 /* Main.storyboard in Resources */ = {isa = PBXBuildFile; fileRef = FA88282D21CD75B400513343 /* Main.storyboard */; };
		FA88283221CD75B400513343 /* Telemed.xcdatamodeld in Sources */ = {isa = PBXBuildFile; fileRef = FA88283021CD75B400513343 /* Telemed.xcdatamodeld */; };
		FA88283421CD75B600513343 /* Assets.xcassets in Resources */ = {isa = PBXBuildFile; fileRef = FA88283321CD75B600513343 /* Assets.xcassets */; };
		FA88283721CD75B600513343 /* LaunchScreen.storyboard in Resources */ = {isa = PBXBuildFile; fileRef = FA88283521CD75B600513343 /* LaunchScreen.storyboard */; };
		FA88284821CD861D00513343 /* RegisterViewController.swift in Sources */ = {isa = PBXBuildFile; fileRef = FA88284721CD861D00513343 /* RegisterViewController.swift */; };
		FA88284A21CD863200513343 /* LoginViewController.swift in Sources */ = {isa = PBXBuildFile; fileRef = FA88284921CD863200513343 /* LoginViewController.swift */; };
		FA88284C21CD865900513343 /* HomeViewController.swift in Sources */ = {isa = PBXBuildFile; fileRef = FA88284B21CD865900513343 /* HomeViewController.swift */; };
		FA88284E21CD868800513343 /* WelcomeViewController.swift in Sources */ = {isa = PBXBuildFile; fileRef = FA88284D21CD868800513343 /* WelcomeViewController.swift */; };
		FA88285221CE377D00513343 /* HomeTableViewCell.swift in Sources */ = {isa = PBXBuildFile; fileRef = FA88285021CE377D00513343 /* HomeTableViewCell.swift */; };
		FA88285321CE377D00513343 /* HomeTableViewCell.xib in Resources */ = {isa = PBXBuildFile; fileRef = FA88285121CE377D00513343 /* HomeTableViewCell.xib */; };
		FAB662F121CE46C400297FCD /* GoogleService-Info.plist in Resources */ = {isa = PBXBuildFile; fileRef = FAB662F021CE46C300297FCD /* GoogleService-Info.plist */; };
		FAED2F1521DD3A4C006A943F /* TextonlyTableViewCell.swift in Sources */ = {isa = PBXBuildFile; fileRef = FAED2F1321DD3A4C006A943F /* TextonlyTableViewCell.swift */; };
		FAED2F1621DD3A4C006A943F /* TextonlyTableViewCell.xib in Resources */ = {isa = PBXBuildFile; fileRef = FAED2F1421DD3A4C006A943F /* TextonlyTableViewCell.xib */; };
		FAED2F1921DE216F006A943F /* RecordsTableViewCell.swift in Sources */ = {isa = PBXBuildFile; fileRef = FAED2F1721DE216F006A943F /* RecordsTableViewCell.swift */; };
		FAED2F1A21DE216F006A943F /* RecordsTableViewCell.xib in Resources */ = {isa = PBXBuildFile; fileRef = FAED2F1821DE216F006A943F /* RecordsTableViewCell.xib */; };
		FAED2F2021DE251A006A943F /* RecordsViewController.swift in Sources */ = {isa = PBXBuildFile; fileRef = FAED2F1F21DE251A006A943F /* RecordsViewController.swift */; };
		FAED2F2221DE2840006A943F /* RecordsData.swift in Sources */ = {isa = PBXBuildFile; fileRef = FAED2F2121DE2840006A943F /* RecordsData.swift */; };
		FAED2F2421DE3729006A943F /* Credentials.swift in Sources */ = {isa = PBXBuildFile; fileRef = FAED2F2321DE3729006A943F /* Credentials.swift */; };
/* End PBXBuildFile section */

/* Begin PBXFileReference section */
		1601C7B7FC4CBBDBC8B599C9 /* Pods-Telemed.debug.xcconfig */ = {isa = PBXFileReference; includeInIndex = 1; lastKnownFileType = text.xcconfig; name = "Pods-Telemed.debug.xcconfig"; path = "Pods/Target Support Files/Pods-Telemed/Pods-Telemed.debug.xcconfig"; sourceTree = "<group>"; };
		D74084ECC594BA5966EFE10B /* Pods_Telemed.framework */ = {isa = PBXFileReference; explicitFileType = wrapper.framework; includeInIndex = 0; path = Pods_Telemed.framework; sourceTree = BUILT_PRODUCTS_DIR; };
		E722E3407BAD33D7E718556E /* Pods-Telemed.release.xcconfig */ = {isa = PBXFileReference; includeInIndex = 1; lastKnownFileType = text.xcconfig; name = "Pods-Telemed.release.xcconfig"; path = "Pods/Target Support Files/Pods-Telemed/Pods-Telemed.release.xcconfig"; sourceTree = "<group>"; };
		FA0E47EE21D55CF7003C23C9 /* Trackers.swift */ = {isa = PBXFileReference; lastKnownFileType = sourcecode.swift; path = Trackers.swift; sourceTree = "<group>"; };
		FA0E47F821D738E6003C23C9 /* UpdatedData.swift */ = {isa = PBXFileReference; lastKnownFileType = sourcecode.swift; path = UpdatedData.swift; sourceTree = "<group>"; };
		FA0E47FA21D73FA5003C23C9 /* SyncData.swift */ = {isa = PBXFileReference; lastKnownFileType = sourcecode.swift; path = SyncData.swift; sourceTree = "<group>"; };
		FA3AC73B21DAA39B00D7AEF4 /* AllItems.swift */ = {isa = PBXFileReference; lastKnownFileType = sourcecode.swift; path = AllItems.swift; sourceTree = "<group>"; };
		FA490EFD21DE76C900C60C60 /* RootViewController.swift */ = {isa = PBXFileReference; lastKnownFileType = sourcecode.swift; path = RootViewController.swift; sourceTree = "<group>"; };
		FA490EFF21DEA74B00C60C60 /* FAQViewController.swift */ = {isa = PBXFileReference; lastKnownFileType = sourcecode.swift; path = FAQViewController.swift; sourceTree = "<group>"; };
		FA490F0121DEB26C00C60C60 /* SettingsViewController.swift */ = {isa = PBXFileReference; lastKnownFileType = sourcecode.swift; path = SettingsViewController.swift; sourceTree = "<group>"; };
		FA4D0DD721D2FD70003D1331 /* TrackerViewController.swift */ = {isa = PBXFileReference; lastKnownFileType = sourcecode.swift; path = TrackerViewController.swift; sourceTree = "<group>"; };
		FA4D0DD921D314A0003D1331 /* TrackerCollectionViewCell.swift */ = {isa = PBXFileReference; lastKnownFileType = sourcecode.swift; path = TrackerCollectionViewCell.swift; sourceTree = "<group>"; };
		FA4D0DDA21D314A0003D1331 /* TrackerCollectionViewCell.xib */ = {isa = PBXFileReference; lastKnownFileType = file.xib; path = TrackerCollectionViewCell.xib; sourceTree = "<group>"; };
		FA4D0DDD21D36C2B003D1331 /* TrackerInfoViewController.swift */ = {isa = PBXFileReference; lastKnownFileType = sourcecode.swift; path = TrackerInfoViewController.swift; sourceTree = "<group>"; };
		FA4D0E1121D40AF3003D1331 /* ContactTableViewCell.swift */ = {isa = PBXFileReference; lastKnownFileType = sourcecode.swift; path = ContactTableViewCell.swift; sourceTree = "<group>"; };
		FA4D0E1221D40AF3003D1331 /* ContactTableViewCell.xib */ = {isa = PBXFileReference; lastKnownFileType = file.xib; path = ContactTableViewCell.xib; sourceTree = "<group>"; };
		FA4D0E1521D41278003D1331 /* ConnectViewController.swift */ = {isa = PBXFileReference; lastKnownFileType = sourcecode.swift; path = ConnectViewController.swift; sourceTree = "<group>"; };
		FA4D0E1721D413C6003D1331 /* ContactData.swift */ = {isa = PBXFileReference; lastKnownFileType = sourcecode.swift; path = ContactData.swift; sourceTree = "<group>"; };
		FA4D8A5821CF3ECD00FFA9D4 /* LocalAuthentication.framework */ = {isa = PBXFileReference; lastKnownFileType = wrapper.framework; name = LocalAuthentication.framework; path = System/Library/Frameworks/LocalAuthentication.framework; sourceTree = SDKROOT; };
		FA59220821DAA190009F74AD /* AllViewController.swift */ = {isa = PBXFileReference; lastKnownFileType = sourcecode.swift; path = AllViewController.swift; sourceTree = "<group>"; };
		FA59220A21DAA2F1009F74AD /* AllCategories.swift */ = {isa = PBXFileReference; lastKnownFileType = sourcecode.swift; path = AllCategories.swift; sourceTree = "<group>"; };
		FA6981B321D8D417000BBF9A /* HistoryTableViewCell.swift */ = {isa = PBXFileReference; lastKnownFileType = sourcecode.swift; path = HistoryTableViewCell.swift; sourceTree = "<group>"; };
		FA6981B421D8D417000BBF9A /* HistoryTableViewCell.xib */ = {isa = PBXFileReference; lastKnownFileType = file.xib; path = HistoryTableViewCell.xib; sourceTree = "<group>"; };
		FA6981B721D8D699000BBF9A /* ExaminationHistoryViewController.swift */ = {isa = PBXFileReference; lastKnownFileType = sourcecode.swift; path = ExaminationHistoryViewController.swift; sourceTree = "<group>"; };
		FA76ABDD21D14ED1001E1689 /* AppointmentTableViewCell.swift */ = {isa = PBXFileReference; lastKnownFileType = sourcecode.swift; path = AppointmentTableViewCell.swift; sourceTree = "<group>"; };
		FA76ABDE21D14ED1001E1689 /* AppointmentTableViewCell.xib */ = {isa = PBXFileReference; lastKnownFileType = file.xib; path = AppointmentTableViewCell.xib; sourceTree = "<group>"; };
		FA76ABE121D15144001E1689 /* HomePageViewController.swift */ = {isa = PBXFileReference; lastKnownFileType = sourcecode.swift; path = HomePageViewController.swift; sourceTree = "<group>"; };
		FA76ABE521D18751001E1689 /* ProfileViewController.swift */ = {isa = PBXFileReference; lastKnownFileType = sourcecode.swift; path = ProfileViewController.swift; sourceTree = "<group>"; };
		FA77E78121D55823004AD84A /* Items.swift */ = {isa = PBXFileReference; lastKnownFileType = sourcecode.swift; path = Items.swift; sourceTree = "<group>"; };
		FA88282621CD75B400513343 /* Telemed.app */ = {isa = PBXFileReference; explicitFileType = wrapper.application; includeInIndex = 0; path = Telemed.app; sourceTree = BUILT_PRODUCTS_DIR; };
		FA88282921CD75B400513343 /* AppDelegate.swift */ = {isa = PBXFileReference; lastKnownFileType = sourcecode.swift; path = AppDelegate.swift; sourceTree = "<group>"; };
		FA88282E21CD75B400513343 /* Base */ = {isa = PBXFileReference; lastKnownFileType = file.storyboard; name = Base; path = Base.lproj/Main.storyboard; sourceTree = "<group>"; };
		FA88283121CD75B400513343 /* Telemed.xcdatamodel */ = {isa = PBXFileReference; lastKnownFileType = wrapper.xcdatamodel; path = Telemed.xcdatamodel; sourceTree = "<group>"; };
		FA88283321CD75B600513343 /* Assets.xcassets */ = {isa = PBXFileReference; lastKnownFileType = folder.assetcatalog; path = Assets.xcassets; sourceTree = "<group>"; };
		FA88283621CD75B600513343 /* Base */ = {isa = PBXFileReference; lastKnownFileType = file.storyboard; name = Base; path = Base.lproj/LaunchScreen.storyboard; sourceTree = "<group>"; };
		FA88283821CD75B600513343 /* Info.plist */ = {isa = PBXFileReference; lastKnownFileType = text.plist.xml; path = Info.plist; sourceTree = "<group>"; };
		FA88284721CD861D00513343 /* RegisterViewController.swift */ = {isa = PBXFileReference; lastKnownFileType = sourcecode.swift; path = RegisterViewController.swift; sourceTree = "<group>"; };
		FA88284921CD863200513343 /* LoginViewController.swift */ = {isa = PBXFileReference; lastKnownFileType = sourcecode.swift; path = LoginViewController.swift; sourceTree = "<group>"; };
		FA88284B21CD865900513343 /* HomeViewController.swift */ = {isa = PBXFileReference; lastKnownFileType = sourcecode.swift; path = HomeViewController.swift; sourceTree = "<group>"; };
		FA88284D21CD868800513343 /* WelcomeViewController.swift */ = {isa = PBXFileReference; lastKnownFileType = sourcecode.swift; path = WelcomeViewController.swift; sourceTree = "<group>"; };
		FA88285021CE377D00513343 /* HomeTableViewCell.swift */ = {isa = PBXFileReference; lastKnownFileType = sourcecode.swift; path = HomeTableViewCell.swift; sourceTree = "<group>"; };
		FA88285121CE377D00513343 /* HomeTableViewCell.xib */ = {isa = PBXFileReference; lastKnownFileType = file.xib; path = HomeTableViewCell.xib; sourceTree = "<group>"; };
		FAB662F021CE46C300297FCD /* GoogleService-Info.plist */ = {isa = PBXFileReference; fileEncoding = 4; lastKnownFileType = text.plist.xml; path = "GoogleService-Info.plist"; sourceTree = "<group>"; };
		FAED2F1321DD3A4C006A943F /* TextonlyTableViewCell.swift */ = {isa = PBXFileReference; lastKnownFileType = sourcecode.swift; path = TextonlyTableViewCell.swift; sourceTree = "<group>"; };
		FAED2F1421DD3A4C006A943F /* TextonlyTableViewCell.xib */ = {isa = PBXFileReference; lastKnownFileType = file.xib; path = TextonlyTableViewCell.xib; sourceTree = "<group>"; };
		FAED2F1721DE216F006A943F /* RecordsTableViewCell.swift */ = {isa = PBXFileReference; lastKnownFileType = sourcecode.swift; path = RecordsTableViewCell.swift; sourceTree = "<group>"; };
		FAED2F1821DE216F006A943F /* RecordsTableViewCell.xib */ = {isa = PBXFileReference; lastKnownFileType = file.xib; path = RecordsTableViewCell.xib; sourceTree = "<group>"; };
		FAED2F1F21DE251A006A943F /* RecordsViewController.swift */ = {isa = PBXFileReference; lastKnownFileType = sourcecode.swift; path = RecordsViewController.swift; sourceTree = "<group>"; };
		FAED2F2121DE2840006A943F /* RecordsData.swift */ = {isa = PBXFileReference; lastKnownFileType = sourcecode.swift; path = RecordsData.swift; sourceTree = "<group>"; };
		FAED2F2321DE3729006A943F /* Credentials.swift */ = {isa = PBXFileReference; lastKnownFileType = sourcecode.swift; path = Credentials.swift; sourceTree = "<group>"; };
/* End PBXFileReference section */

/* Begin PBXFrameworksBuildPhase section */
		FA88282321CD75B400513343 /* Frameworks */ = {
			isa = PBXFrameworksBuildPhase;
			buildActionMask = 2147483647;
			files = (
				FA4D8A5921CF3ECD00FFA9D4 /* LocalAuthentication.framework in Frameworks */,
				4A9B49E47CC2C332D1934398 /* Pods_Telemed.framework in Frameworks */,
			);
			runOnlyForDeploymentPostprocessing = 0;
		};
/* End PBXFrameworksBuildPhase section */

/* Begin PBXGroup section */
		8AB826FBF91AE21686D87D8D /* Frameworks */ = {
			isa = PBXGroup;
			children = (
				FA4D8A5821CF3ECD00FFA9D4 /* LocalAuthentication.framework */,
				D74084ECC594BA5966EFE10B /* Pods_Telemed.framework */,
			);
			name = Frameworks;
			sourceTree = "<group>";
		};
		EFE5DD36C20CDE968EA614C4 /* Pods */ = {
			isa = PBXGroup;
			children = (
				1601C7B7FC4CBBDBC8B599C9 /* Pods-Telemed.debug.xcconfig */,
				E722E3407BAD33D7E718556E /* Pods-Telemed.release.xcconfig */,
			);
			name = Pods;
			sourceTree = "<group>";
		};
		FA88281D21CD75B400513343 = {
			isa = PBXGroup;
			children = (
				FA88282821CD75B400513343 /* Telemed */,
				FA88282721CD75B400513343 /* Products */,
				EFE5DD36C20CDE968EA614C4 /* Pods */,
				8AB826FBF91AE21686D87D8D /* Frameworks */,
			);
			sourceTree = "<group>";
		};
		FA88282721CD75B400513343 /* Products */ = {
			isa = PBXGroup;
			children = (
				FA88282621CD75B400513343 /* Telemed.app */,
			);
			name = Products;
			sourceTree = "<group>";
		};
		FA88282821CD75B400513343 /* Telemed */ = {
			isa = PBXGroup;
			children = (
				FA88283821CD75B600513343 /* Info.plist */,
				FAB662EF21CE468400297FCD /* Supporting Files */,
				FA88284F21CE375300513343 /* Custom Cells */,
				FA88284021CD7AA100513343 /* Controller */,
				FA88283F21CD7A9300513343 /* View */,
				FA88283E21CD7A2800513343 /* Model */,
				FA88283321CD75B600513343 /* Assets.xcassets */,
				FA88283521CD75B600513343 /* LaunchScreen.storyboard */,
			);
			path = Telemed;
			sourceTree = "<group>";
		};
		FA88283E21CD7A2800513343 /* Model */ = {
			isa = PBXGroup;
			children = (
				FA4D0E1721D413C6003D1331 /* ContactData.swift */,
				FA77E78121D55823004AD84A /* Items.swift */,
				FA0E47EE21D55CF7003C23C9 /* Trackers.swift */,
				FA0E47F821D738E6003C23C9 /* UpdatedData.swift */,
				FA0E47FA21D73FA5003C23C9 /* SyncData.swift */,
				FA59220A21DAA2F1009F74AD /* AllCategories.swift */,
				FA3AC73B21DAA39B00D7AEF4 /* AllItems.swift */,
				FAED2F2121DE2840006A943F /* RecordsData.swift */,
				FAED2F2321DE3729006A943F /* Credentials.swift */,
			);
			path = Model;
			sourceTree = "<group>";
		};
		FA88283F21CD7A9300513343 /* View */ = {
			isa = PBXGroup;
			children = (
				FA88282D21CD75B400513343 /* Main.storyboard */,
			);
			path = View;
			sourceTree = "<group>";
		};
		FA88284021CD7AA100513343 /* Controller */ = {
			isa = PBXGroup;
			children = (
				FA88284B21CD865900513343 /* HomeViewController.swift */,
				FA88282921CD75B400513343 /* AppDelegate.swift */,
				FA88284721CD861D00513343 /* RegisterViewController.swift */,
				FA88284921CD863200513343 /* LoginViewController.swift */,
				FA88284D21CD868800513343 /* WelcomeViewController.swift */,
				FA76ABE521D18751001E1689 /* ProfileViewController.swift */,
				FA4D0DD721D2FD70003D1331 /* TrackerViewController.swift */,
				FA4D0DDD21D36C2B003D1331 /* TrackerInfoViewController.swift */,
				FA4D0E1521D41278003D1331 /* ConnectViewController.swift */,
				FA6981B721D8D699000BBF9A /* ExaminationHistoryViewController.swift */,
				FA76ABE121D15144001E1689 /* HomePageViewController.swift */,
				FA59220821DAA190009F74AD /* AllViewController.swift */,
				FAED2F1F21DE251A006A943F /* RecordsViewController.swift */,
				FA490EFD21DE76C900C60C60 /* RootViewController.swift */,
				FA490EFF21DEA74B00C60C60 /* FAQViewController.swift */,
				FA490F0121DEB26C00C60C60 /* SettingsViewController.swift */,
			);
			path = Controller;
			sourceTree = "<group>";
		};
		FA88284F21CE375300513343 /* Custom Cells */ = {
			isa = PBXGroup;
			children = (
				FA88285021CE377D00513343 /* HomeTableViewCell.swift */,
				FA88285121CE377D00513343 /* HomeTableViewCell.xib */,
				FA76ABDD21D14ED1001E1689 /* AppointmentTableViewCell.swift */,
				FA76ABDE21D14ED1001E1689 /* AppointmentTableViewCell.xib */,
				FA4D0DD921D314A0003D1331 /* TrackerCollectionViewCell.swift */,
				FA4D0DDA21D314A0003D1331 /* TrackerCollectionViewCell.xib */,
				FA4D0E1121D40AF3003D1331 /* ContactTableViewCell.swift */,
				FA4D0E1221D40AF3003D1331 /* ContactTableViewCell.xib */,
				FA6981B321D8D417000BBF9A /* HistoryTableViewCell.swift */,
				FA6981B421D8D417000BBF9A /* HistoryTableViewCell.xib */,
				FAED2F1321DD3A4C006A943F /* TextonlyTableViewCell.swift */,
				FAED2F1421DD3A4C006A943F /* TextonlyTableViewCell.xib */,
				FAED2F1721DE216F006A943F /* RecordsTableViewCell.swift */,
				FAED2F1821DE216F006A943F /* RecordsTableViewCell.xib */,
			);
			path = "Custom Cells";
			sourceTree = "<group>";
		};
		FAB662EF21CE468400297FCD /* Supporting Files */ = {
			isa = PBXGroup;
			children = (
				FAB662F021CE46C300297FCD /* GoogleService-Info.plist */,
				FA88283021CD75B400513343 /* Telemed.xcdatamodeld */,
			);
			path = "Supporting Files";
			sourceTree = "<group>";
		};
/* End PBXGroup section */

/* Begin PBXNativeTarget section */
		FA88282521CD75B400513343 /* Telemed */ = {
			isa = PBXNativeTarget;
			buildConfigurationList = FA88283B21CD75B600513343 /* Build configuration list for PBXNativeTarget "Telemed" */;
			buildPhases = (
				A9A48E5519B411FD731D0839 /* [CP] Check Pods Manifest.lock */,
				FA88282221CD75B400513343 /* Sources */,
				FA88282321CD75B400513343 /* Frameworks */,
				FA88282421CD75B400513343 /* Resources */,
				9DA7CF3C98140B83D0C9BCCD /* [CP] Embed Pods Frameworks */,
			);
			buildRules = (
			);
			dependencies = (
			);
			name = Telemed;
			productName = Telemed;
			productReference = FA88282621CD75B400513343 /* Telemed.app */;
			productType = "com.apple.product-type.application";
		};
/* End PBXNativeTarget section */

/* Begin PBXProject section */
		FA88281E21CD75B400513343 /* Project object */ = {
			isa = PBXProject;
			attributes = {
				LastSwiftUpdateCheck = 1010;
				LastUpgradeCheck = 1010;
				ORGANIZATIONNAME = drsocgr14;
				TargetAttributes = {
					FA88282521CD75B400513343 = {
						CreatedOnToolsVersion = 10.1;
					};
				};
			};
			buildConfigurationList = FA88282121CD75B400513343 /* Build configuration list for PBXProject "Telemed" */;
			compatibilityVersion = "Xcode 9.3";
			developmentRegion = en;
			hasScannedForEncodings = 0;
			knownRegions = (
				en,
				Base,
			);
			mainGroup = FA88281D21CD75B400513343;
			productRefGroup = FA88282721CD75B400513343 /* Products */;
			projectDirPath = "";
			projectRoot = "";
			targets = (
				FA88282521CD75B400513343 /* Telemed */,
			);
		};
/* End PBXProject section */

/* Begin PBXResourcesBuildPhase section */
		FA88282421CD75B400513343 /* Resources */ = {
			isa = PBXResourcesBuildPhase;
			buildActionMask = 2147483647;
			files = (
				FA4D0E1421D40AF3003D1331 /* ContactTableViewCell.xib in Resources */,
				FA4D0DDC21D314A0003D1331 /* TrackerCollectionViewCell.xib in Resources */,
				FAB662F121CE46C400297FCD /* GoogleService-Info.plist in Resources */,
				FA88283721CD75B600513343 /* LaunchScreen.storyboard in Resources */,
				FA88283421CD75B600513343 /* Assets.xcassets in Resources */,
				FAED2F1A21DE216F006A943F /* RecordsTableViewCell.xib in Resources */,
				FA88285321CE377D00513343 /* HomeTableViewCell.xib in Resources */,
				FA88282F21CD75B400513343 /* Main.storyboard in Resources */,
				FA6981B621D8D417000BBF9A /* HistoryTableViewCell.xib in Resources */,
				FAED2F1621DD3A4C006A943F /* TextonlyTableViewCell.xib in Resources */,
				FA76ABE021D14ED1001E1689 /* AppointmentTableViewCell.xib in Resources */,
			);
			runOnlyForDeploymentPostprocessing = 0;
		};
/* End PBXResourcesBuildPhase section */

/* Begin PBXShellScriptBuildPhase section */
		9DA7CF3C98140B83D0C9BCCD /* [CP] Embed Pods Frameworks */ = {
			isa = PBXShellScriptBuildPhase;
			buildActionMask = 2147483647;
			files = (
			);
			inputFileListPaths = (
			);
			inputPaths = (
				"${SRCROOT}/Pods/Target Support Files/Pods-Telemed/Pods-Telemed-frameworks.sh",
				"${BUILT_PRODUCTS_DIR}/Alamofire/Alamofire.framework",
				"${BUILT_PRODUCTS_DIR}/AlamofireObjectMapper/AlamofireObjectMapper.framework",
				"${BUILT_PRODUCTS_DIR}/ChameleonFramework/ChameleonFramework.framework",
				"${BUILT_PRODUCTS_DIR}/Charts/Charts.framework",
				"${BUILT_PRODUCTS_DIR}/ChartsRealm/ChartsRealm.framework",
				"${BUILT_PRODUCTS_DIR}/GTMSessionFetcher/GTMSessionFetcher.framework",
				"${BUILT_PRODUCTS_DIR}/GoogleUtilities/GoogleUtilities.framework",
				"${BUILT_PRODUCTS_DIR}/ObjectMapper/ObjectMapper.framework",
				"${BUILT_PRODUCTS_DIR}/ObjectMapper+Realm/ObjectMapper_Realm.framework",
				"${BUILT_PRODUCTS_DIR}/Realm/Realm.framework",
				"${BUILT_PRODUCTS_DIR}/RealmSwift/RealmSwift.framework",
				"${BUILT_PRODUCTS_DIR}/SCLAlertView/SCLAlertView.framework",
				"${BUILT_PRODUCTS_DIR}/SVProgressHUD/SVProgressHUD.framework",
				"${BUILT_PRODUCTS_DIR}/SwiftyJSON/SwiftyJSON.framework",
				"${BUILT_PRODUCTS_DIR}/leveldb-library/leveldb.framework",
				"${BUILT_PRODUCTS_DIR}/nanopb/nanopb.framework",
			);
			name = "[CP] Embed Pods Frameworks";
			outputFileListPaths = (
			);
			outputPaths = (
				"${TARGET_BUILD_DIR}/${FRAMEWORKS_FOLDER_PATH}/Alamofire.framework",
				"${TARGET_BUILD_DIR}/${FRAMEWORKS_FOLDER_PATH}/AlamofireObjectMapper.framework",
				"${TARGET_BUILD_DIR}/${FRAMEWORKS_FOLDER_PATH}/ChameleonFramework.framework",
				"${TARGET_BUILD_DIR}/${FRAMEWORKS_FOLDER_PATH}/Charts.framework",
				"${TARGET_BUILD_DIR}/${FRAMEWORKS_FOLDER_PATH}/ChartsRealm.framework",
				"${TARGET_BUILD_DIR}/${FRAMEWORKS_FOLDER_PATH}/GTMSessionFetcher.framework",
				"${TARGET_BUILD_DIR}/${FRAMEWORKS_FOLDER_PATH}/GoogleUtilities.framework",
				"${TARGET_BUILD_DIR}/${FRAMEWORKS_FOLDER_PATH}/ObjectMapper.framework",
				"${TARGET_BUILD_DIR}/${FRAMEWORKS_FOLDER_PATH}/ObjectMapper_Realm.framework",
				"${TARGET_BUILD_DIR}/${FRAMEWORKS_FOLDER_PATH}/Realm.framework",
				"${TARGET_BUILD_DIR}/${FRAMEWORKS_FOLDER_PATH}/RealmSwift.framework",
				"${TARGET_BUILD_DIR}/${FRAMEWORKS_FOLDER_PATH}/SCLAlertView.framework",
				"${TARGET_BUILD_DIR}/${FRAMEWORKS_FOLDER_PATH}/SVProgressHUD.framework",
				"${TARGET_BUILD_DIR}/${FRAMEWORKS_FOLDER_PATH}/SwiftyJSON.framework",
				"${TARGET_BUILD_DIR}/${FRAMEWORKS_FOLDER_PATH}/leveldb.framework",
				"${TARGET_BUILD_DIR}/${FRAMEWORKS_FOLDER_PATH}/nanopb.framework",
			);
			runOnlyForDeploymentPostprocessing = 0;
			shellPath = /bin/sh;
			shellScript = "\"${SRCROOT}/Pods/Target Support Files/Pods-Telemed/Pods-Telemed-frameworks.sh\"\n";
			showEnvVarsInLog = 0;
		};
		A9A48E5519B411FD731D0839 /* [CP] Check Pods Manifest.lock */ = {
			isa = PBXShellScriptBuildPhase;
			buildActionMask = 2147483647;
			files = (
			);
			inputFileListPaths = (
			);
			inputPaths = (
				"${PODS_PODFILE_DIR_PATH}/Podfile.lock",
				"${PODS_ROOT}/Manifest.lock",
			);
			name = "[CP] Check Pods Manifest.lock";
			outputFileListPaths = (
			);
			outputPaths = (
				"$(DERIVED_FILE_DIR)/Pods-Telemed-checkManifestLockResult.txt",
			);
			runOnlyForDeploymentPostprocessing = 0;
			shellPath = /bin/sh;
			shellScript = "diff \"${PODS_PODFILE_DIR_PATH}/Podfile.lock\" \"${PODS_ROOT}/Manifest.lock\" > /dev/null\nif [ $? != 0 ] ; then\n    # print error to STDERR\n    echo \"error: The sandbox is not in sync with the Podfile.lock. Run 'pod install' or update your CocoaPods installation.\" >&2\n    exit 1\nfi\n# This output is used by Xcode 'outputs' to avoid re-running this script phase.\necho \"SUCCESS\" > \"${SCRIPT_OUTPUT_FILE_0}\"\n";
			showEnvVarsInLog = 0;
		};
/* End PBXShellScriptBuildPhase section */

/* Begin PBXSourcesBuildPhase section */
		FA88282221CD75B400513343 /* Sources */ = {
			isa = PBXSourcesBuildPhase;
			buildActionMask = 2147483647;
			files = (
				FA59220B21DAA2F1009F74AD /* AllCategories.swift in Sources */,
				FA88284C21CD865900513343 /* HomeViewController.swift in Sources */,
				FA490F0221DEB26C00C60C60 /* SettingsViewController.swift in Sources */,
				FA4D0DDE21D36C2B003D1331 /* TrackerInfoViewController.swift in Sources */,
				FA88284A21CD863200513343 /* LoginViewController.swift in Sources */,
				FA0E47F921D738E6003C23C9 /* UpdatedData.swift in Sources */,
				FA76ABE621D18751001E1689 /* ProfileViewController.swift in Sources */,
				FAED2F1521DD3A4C006A943F /* TextonlyTableViewCell.swift in Sources */,
				FA77E78221D55823004AD84A /* Items.swift in Sources */,
				FA0E47FB21D73FA5003C23C9 /* SyncData.swift in Sources */,
				FA490F0021DEA74B00C60C60 /* FAQViewController.swift in Sources */,
				FA4D0DD821D2FD70003D1331 /* TrackerViewController.swift in Sources */,
				FA76ABE221D15144001E1689 /* HomePageViewController.swift in Sources */,
				FA4D0DDB21D314A0003D1331 /* TrackerCollectionViewCell.swift in Sources */,
				FAED2F2421DE3729006A943F /* Credentials.swift in Sources */,
				FA88285221CE377D00513343 /* HomeTableViewCell.swift in Sources */,
				FA76ABDF21D14ED1001E1689 /* AppointmentTableViewCell.swift in Sources */,
				FA0E47EF21D55CF7003C23C9 /* Trackers.swift in Sources */,
				FAED2F1921DE216F006A943F /* RecordsTableViewCell.swift in Sources */,
				FA88284821CD861D00513343 /* RegisterViewController.swift in Sources */,
				FA4D0E1621D41278003D1331 /* ConnectViewController.swift in Sources */,
				FA3AC73C21DAA39B00D7AEF4 /* AllItems.swift in Sources */,
				FA490EFE21DE76C900C60C60 /* RootViewController.swift in Sources */,
				FA4D0E1321D40AF3003D1331 /* ContactTableViewCell.swift in Sources */,
				FA6981B521D8D417000BBF9A /* HistoryTableViewCell.swift in Sources */,
				FA6981B821D8D699000BBF9A /* ExaminationHistoryViewController.swift in Sources */,
				FA59220921DAA190009F74AD /* AllViewController.swift in Sources */,
				FA88284E21CD868800513343 /* WelcomeViewController.swift in Sources */,
				FA88282A21CD75B400513343 /* AppDelegate.swift in Sources */,
				FA88283221CD75B400513343 /* Telemed.xcdatamodeld in Sources */,
				FA4D0E1821D413C6003D1331 /* ContactData.swift in Sources */,
				FAED2F2021DE251A006A943F /* RecordsViewController.swift in Sources */,
				FAED2F2221DE2840006A943F /* RecordsData.swift in Sources */,
			);
			runOnlyForDeploymentPostprocessing = 0;
		};
/* End PBXSourcesBuildPhase section */

/* Begin PBXVariantGroup section */
		FA88282D21CD75B400513343 /* Main.storyboard */ = {
			isa = PBXVariantGroup;
			children = (
				FA88282E21CD75B400513343 /* Base */,
			);
			name = Main.storyboard;
			sourceTree = "<group>";
		};
		FA88283521CD75B600513343 /* LaunchScreen.storyboard */ = {
			isa = PBXVariantGroup;
			children = (
				FA88283621CD75B600513343 /* Base */,
			);
			name = LaunchScreen.storyboard;
			sourceTree = "<group>";
		};
/* End PBXVariantGroup section */

/* Begin XCBuildConfiguration section */
		FA88283921CD75B600513343 /* Debug */ = {
			isa = XCBuildConfiguration;
			buildSettings = {
				ALWAYS_SEARCH_USER_PATHS = NO;
				CLANG_ANALYZER_NONNULL = YES;
				CLANG_ANALYZER_NUMBER_OBJECT_CONVERSION = YES_AGGRESSIVE;
				CLANG_CXX_LANGUAGE_STANDARD = "gnu++14";
				CLANG_CXX_LIBRARY = "libc++";
				CLANG_ENABLE_MODULES = YES;
				CLANG_ENABLE_OBJC_ARC = YES;
				CLANG_ENABLE_OBJC_WEAK = YES;
				CLANG_WARN_BLOCK_CAPTURE_AUTORELEASING = YES;
				CLANG_WARN_BOOL_CONVERSION = YES;
				CLANG_WARN_COMMA = YES;
				CLANG_WARN_CONSTANT_CONVERSION = YES;
				CLANG_WARN_DEPRECATED_OBJC_IMPLEMENTATIONS = YES;
				CLANG_WARN_DIRECT_OBJC_ISA_USAGE = YES_ERROR;
				CLANG_WARN_DOCUMENTATION_COMMENTS = YES;
				CLANG_WARN_EMPTY_BODY = YES;
				CLANG_WARN_ENUM_CONVERSION = YES;
				CLANG_WARN_INFINITE_RECURSION = YES;
				CLANG_WARN_INT_CONVERSION = YES;
				CLANG_WARN_NON_LITERAL_NULL_CONVERSION = YES;
				CLANG_WARN_OBJC_IMPLICIT_RETAIN_SELF = YES;
				CLANG_WARN_OBJC_LITERAL_CONVERSION = YES;
				CLANG_WARN_OBJC_ROOT_CLASS = YES_ERROR;
				CLANG_WARN_RANGE_LOOP_ANALYSIS = YES;
				CLANG_WARN_STRICT_PROTOTYPES = YES;
				CLANG_WARN_SUSPICIOUS_MOVE = YES;
				CLANG_WARN_UNGUARDED_AVAILABILITY = YES_AGGRESSIVE;
				CLANG_WARN_UNREACHABLE_CODE = YES;
				CLANG_WARN__DUPLICATE_METHOD_MATCH = YES;
				CODE_SIGN_IDENTITY = "iPhone Developer";
				COPY_PHASE_STRIP = NO;
				DEBUG_INFORMATION_FORMAT = dwarf;
				ENABLE_STRICT_OBJC_MSGSEND = YES;
				ENABLE_TESTABILITY = YES;
				GCC_C_LANGUAGE_STANDARD = gnu11;
				GCC_DYNAMIC_NO_PIC = NO;
				GCC_NO_COMMON_BLOCKS = YES;
				GCC_OPTIMIZATION_LEVEL = 0;
				GCC_PREPROCESSOR_DEFINITIONS = (
					"DEBUG=1",
					"$(inherited)",
				);
				GCC_WARN_64_TO_32_BIT_CONVERSION = YES;
				GCC_WARN_ABOUT_RETURN_TYPE = YES_ERROR;
				GCC_WARN_UNDECLARED_SELECTOR = YES;
				GCC_WARN_UNINITIALIZED_AUTOS = YES_AGGRESSIVE;
				GCC_WARN_UNUSED_FUNCTION = YES;
				GCC_WARN_UNUSED_VARIABLE = YES;
				IPHONEOS_DEPLOYMENT_TARGET = 12.1;
				MTL_ENABLE_DEBUG_INFO = INCLUDE_SOURCE;
				MTL_FAST_MATH = YES;
				ONLY_ACTIVE_ARCH = YES;
				SDKROOT = iphoneos;
				SWIFT_ACTIVE_COMPILATION_CONDITIONS = DEBUG;
				SWIFT_OPTIMIZATION_LEVEL = "-Onone";
			};
			name = Debug;
		};
		FA88283A21CD75B600513343 /* Release */ = {
			isa = XCBuildConfiguration;
			buildSettings = {
				ALWAYS_SEARCH_USER_PATHS = NO;
				CLANG_ANALYZER_NONNULL = YES;
				CLANG_ANALYZER_NUMBER_OBJECT_CONVERSION = YES_AGGRESSIVE;
				CLANG_CXX_LANGUAGE_STANDARD = "gnu++14";
				CLANG_CXX_LIBRARY = "libc++";
				CLANG_ENABLE_MODULES = YES;
				CLANG_ENABLE_OBJC_ARC = YES;
				CLANG_ENABLE_OBJC_WEAK = YES;
				CLANG_WARN_BLOCK_CAPTURE_AUTORELEASING = YES;
				CLANG_WARN_BOOL_CONVERSION = YES;
				CLANG_WARN_COMMA = YES;
				CLANG_WARN_CONSTANT_CONVERSION = YES;
				CLANG_WARN_DEPRECATED_OBJC_IMPLEMENTATIONS = YES;
				CLANG_WARN_DIRECT_OBJC_ISA_USAGE = YES_ERROR;
				CLANG_WARN_DOCUMENTATION_COMMENTS = YES;
				CLANG_WARN_EMPTY_BODY = YES;
				CLANG_WARN_ENUM_CONVERSION = YES;
				CLANG_WARN_INFINITE_RECURSION = YES;
				CLANG_WARN_INT_CONVERSION = YES;
				CLANG_WARN_NON_LITERAL_NULL_CONVERSION = YES;
				CLANG_WARN_OBJC_IMPLICIT_RETAIN_SELF = YES;
				CLANG_WARN_OBJC_LITERAL_CONVERSION = YES;
				CLANG_WARN_OBJC_ROOT_CLASS = YES_ERROR;
				CLANG_WARN_RANGE_LOOP_ANALYSIS = YES;
				CLANG_WARN_STRICT_PROTOTYPES = YES;
				CLANG_WARN_SUSPICIOUS_MOVE = YES;
				CLANG_WARN_UNGUARDED_AVAILABILITY = YES_AGGRESSIVE;
				CLANG_WARN_UNREACHABLE_CODE = YES;
				CLANG_WARN__DUPLICATE_METHOD_MATCH = YES;
				CODE_SIGN_IDENTITY = "iPhone Developer";
				COPY_PHASE_STRIP = NO;
				DEBUG_INFORMATION_FORMAT = "dwarf-with-dsym";
				ENABLE_NS_ASSERTIONS = NO;
				ENABLE_STRICT_OBJC_MSGSEND = YES;
				GCC_C_LANGUAGE_STANDARD = gnu11;
				GCC_NO_COMMON_BLOCKS = YES;
				GCC_WARN_64_TO_32_BIT_CONVERSION = YES;
				GCC_WARN_ABOUT_RETURN_TYPE = YES_ERROR;
				GCC_WARN_UNDECLARED_SELECTOR = YES;
				GCC_WARN_UNINITIALIZED_AUTOS = YES_AGGRESSIVE;
				GCC_WARN_UNUSED_FUNCTION = YES;
				GCC_WARN_UNUSED_VARIABLE = YES;
				IPHONEOS_DEPLOYMENT_TARGET = 12.1;
				MTL_ENABLE_DEBUG_INFO = NO;
				MTL_FAST_MATH = YES;
				SDKROOT = iphoneos;
				SWIFT_COMPILATION_MODE = wholemodule;
				SWIFT_OPTIMIZATION_LEVEL = "-O";
				VALIDATE_PRODUCT = YES;
			};
			name = Release;
		};
		FA88283C21CD75B600513343 /* Debug */ = {
			isa = XCBuildConfiguration;
			baseConfigurationReference = 1601C7B7FC4CBBDBC8B599C9 /* Pods-Telemed.debug.xcconfig */;
			buildSettings = {
				ASSETCATALOG_COMPILER_APPICON_NAME = AppIcon;
				CODE_SIGN_STYLE = Automatic;
				INFOPLIST_FILE = Telemed/Info.plist;
				LD_RUNPATH_SEARCH_PATHS = (
					"$(inherited)",
					"@executable_path/Frameworks",
				);
				PRODUCT_BUNDLE_IDENTIFIER = com.drsocgr14.Telemed;
				PRODUCT_NAME = "$(TARGET_NAME)";
				SWIFT_VERSION = 4.2;
				TARGETED_DEVICE_FAMILY = "1,2";
			};
			name = Debug;
		};
		FA88283D21CD75B600513343 /* Release */ = {
			isa = XCBuildConfiguration;
			baseConfigurationReference = E722E3407BAD33D7E718556E /* Pods-Telemed.release.xcconfig */;
			buildSettings = {
				ASSETCATALOG_COMPILER_APPICON_NAME = AppIcon;
				CODE_SIGN_STYLE = Automatic;
				INFOPLIST_FILE = Telemed/Info.plist;
				LD_RUNPATH_SEARCH_PATHS = (
					"$(inherited)",
					"@executable_path/Frameworks",
				);
				PRODUCT_BUNDLE_IDENTIFIER = com.drsocgr14.Telemed;
				PRODUCT_NAME = "$(TARGET_NAME)";
				SWIFT_VERSION = 4.2;
				TARGETED_DEVICE_FAMILY = "1,2";
			};
			name = Release;
		};
/* End XCBuildConfiguration section */

/* Begin XCConfigurationList section */
		FA88282121CD75B400513343 /* Build configuration list for PBXProject "Telemed" */ = {
			isa = XCConfigurationList;
			buildConfigurations = (
				FA88283921CD75B600513343 /* Debug */,
				FA88283A21CD75B600513343 /* Release */,
			);
			defaultConfigurationIsVisible = 0;
			defaultConfigurationName = Release;
		};
		FA88283B21CD75B600513343 /* Build configuration list for PBXNativeTarget "Telemed" */ = {
			isa = XCConfigurationList;
			buildConfigurations = (
				FA88283C21CD75B600513343 /* Debug */,
				FA88283D21CD75B600513343 /* Release */,
			);
			defaultConfigurationIsVisible = 0;
			defaultConfigurationName = Release;
		};
/* End XCConfigurationList section */

/* Begin XCVersionGroup section */
		FA88283021CD75B400513343 /* Telemed.xcdatamodeld */ = {
			isa = XCVersionGroup;
			children = (
				FA88283121CD75B400513343 /* Telemed.xcdatamodel */,
			);
			currentVersion = FA88283121CD75B400513343 /* Telemed.xcdatamodel */;
			path = Telemed.xcdatamodeld;
			sourceTree = "<group>";
			versionGroupType = wrapper.xcdatamodel;
		};
/* End XCVersionGroup section */
	};
	rootObject = FA88281E21CD75B400513343 /* Project object */;
}
